
Microsoft Visual Studio Solution File, Format Version 12.00
# Visual Studio 15
VisualStudioVersion = 15.0.28307.168
MinimumVisualStudioVersion = 10.0.40219.1
Project("{8BC9CEB8-8B4A-11D0-8D11-00A0C91BC942}") = "职工管理系统", "职工管理系统\职工管理系统.vcxproj", "{9EBD4BA1-53E3-4799-A51F-2AA673B1FBDC}"
EndProject
Global
	GlobalSection(SolutionConfigurationPlatforms) = preSolution
		Debug|x64 = Debug|x64
		Debug|x86 = Debug|x86
		Release|x64 = Release|x64
		Release|x86 = Release|x86
	EndGlobalSection
	GlobalSection(ProjectConfigurationPlatforms) = postSolution
		{9EBD4BA1-53E3-4799-A51F-2AA673B1FBDC}.Debug|x64.ActiveCfg = Debug|x64
		{9EBD4BA1-53E3-4799-A51F-2AA673B1FBDC}.Debug|x64.Build.0 = Debug|x64
		{9EBD4BA1-53E3-4799-A51F-2AA673B1FBDC}.Debug|x86.ActiveCfg = Debug|Win32
		{9EBD4BA1-53E3-4799-A51F-2AA673B1FBDC}.Debug|x86.Build.0 = Debug|Win32
		{9EBD4BA1-53E3-4799-A51F-2AA673B1FBDC}.Release|x64.ActiveCfg = Release|x64
		{9EBD4BA1-53E3-4799-A51F-2AA673B1FBDC}.Release|x64.Build.0 = Release|x64
		{9EBD4BA1-53E3-4799-A51F-2AA673B1FBDC}.Release|x86.ActiveCfg = Release|Win32
		{9EBD4BA1-53E3-4799-A51F-2AA673B1FBDC}.Release|x86.Build.0 = Release|Win32
	EndGlobalSection
	GlobalSection(SolutionProperties) = preSolution
		HideSolutionNode = FALSE
	EndGlobalSection
	GlobalSection(ExtensibilityGlobals) = postSolution
		SolutionGuid = {343FCAE7-1211-4571-902F-C1DBA6A6BBDC}
	EndGlobalSection
EndGlobal
